// !$*UTF8*$!
{
	archiveVersion = 1;
	classes = {
	};
	objectVersion = 55;
	objects = {

/* Begin PBXBuildFile section */
		08B763B48CD50C43F82E3EEC /* Pods_CartonTodo.framework in Frameworks */ = {isa = PBXBuildFile; fileRef = DADDA13DBC2E29F6D70CC2DF /* Pods_CartonTodo.framework */; };
		2455197E2892535100039347 /* AppDelegate.swift in Sources */ = {isa = PBXBuildFile; fileRef = 2455197D2892535100039347 /* AppDelegate.swift */; };
		245519802892535100039347 /* SceneDelegate.swift in Sources */ = {isa = PBXBuildFile; fileRef = 2455197F2892535100039347 /* SceneDelegate.swift */; };
		245519822892535100039347 /* LogInController.swift in Sources */ = {isa = PBXBuildFile; fileRef = 245519812892535100039347 /* LogInController.swift */; };
		245519852892535100039347 /* Main.storyboard in Resources */ = {isa = PBXBuildFile; fileRef = 245519832892535100039347 /* Main.storyboard */; };
		245519872892535200039347 /* Assets.xcassets in Resources */ = {isa = PBXBuildFile; fileRef = 245519862892535200039347 /* Assets.xcassets */; };
		2455198A2892535200039347 /* LaunchScreen.storyboard in Resources */ = {isa = PBXBuildFile; fileRef = 245519882892535200039347 /* LaunchScreen.storyboard */; };
		245519962892635B00039347 /* UIViewController.swift in Sources */ = {isa = PBXBuildFile; fileRef = 245519952892635B00039347 /* UIViewController.swift */; };
		245519982892638300039347 /* UIButton.swift in Sources */ = {isa = PBXBuildFile; fileRef = 245519972892638300039347 /* UIButton.swift */; };
		2455199A289266A400039347 /* UIColor.swift in Sources */ = {isa = PBXBuildFile; fileRef = 24551999289266A400039347 /* UIColor.swift */; };
		2455199E289268F700039347 /* TodoListViewController.swift in Sources */ = {isa = PBXBuildFile; fileRef = 2455199D289268F700039347 /* TodoListViewController.swift */; };
		245519A02892694B00039347 /* TodoListViewController.storyboard in Resources */ = {isa = PBXBuildFile; fileRef = 2455199F2892694B00039347 /* TodoListViewController.storyboard */; };
		245519A228926A1300039347 /* TodoModel.swift in Sources */ = {isa = PBXBuildFile; fileRef = 245519A128926A1300039347 /* TodoModel.swift */; };
		245519A728926A4400039347 /* TodoListViewModel.swift in Sources */ = {isa = PBXBuildFile; fileRef = 245519A628926A4400039347 /* TodoListViewModel.swift */; };
		245519AB28926DE900039347 /* TodoListCell.swift in Sources */ = {isa = PBXBuildFile; fileRef = 245519AA28926DE900039347 /* TodoListCell.swift */; };
		245519AD2892A37300039347 /* LogInManager.swift in Sources */ = {isa = PBXBuildFile; fileRef = 245519AC2892A37300039347 /* LogInManager.swift */; };
		247CC4AB2892C49D00949195 /* TodoProgressView.swift in Sources */ = {isa = PBXBuildFile; fileRef = 247CC4AA2892C49D00949195 /* TodoProgressView.swift */; };
		247CC4AD2892C4DA00949195 /* TodoProgressView.xib in Resources */ = {isa = PBXBuildFile; fileRef = 247CC4AC2892C4DA00949195 /* TodoProgressView.xib */; };
		247CC4AF2892CA1100949195 /* TodoListCellViewModel.swift in Sources */ = {isa = PBXBuildFile; fileRef = 247CC4AE2892CA1100949195 /* TodoListCellViewModel.swift */; };
		247CC4B12892CA4400949195 /* ProgressViewModel.swift in Sources */ = {isa = PBXBuildFile; fileRef = 247CC4B02892CA4400949195 /* ProgressViewModel.swift */; };
		247CC4B72892DA2100949195 /* StorageService.swift in Sources */ = {isa = PBXBuildFile; fileRef = 247CC4B62892DA2100949195 /* StorageService.swift */; };
		247CC4BC289321A000949195 /* ExampleDataStorage.swift in Sources */ = {isa = PBXBuildFile; fileRef = 247CC4BB289321A000949195 /* ExampleDataStorage.swift */; };
		247CC4BE2893255F00949195 /* FileManager.swift in Sources */ = {isa = PBXBuildFile; fileRef = 247CC4BD2893255F00949195 /* FileManager.swift */; };
		247CC4C62893298400949195 /* CartonTodoTests.swift in Sources */ = {isa = PBXBuildFile; fileRef = 247CC4C52893298400949195 /* CartonTodoTests.swift */; };
		247CC4CD289351C400949195 /* URLSession.swift in Sources */ = {isa = PBXBuildFile; fileRef = 247CC4CC289351C400949195 /* URLSession.swift */; };
		247CC4CF2893520000949195 /* NetworkDataStorage.swift in Sources */ = {isa = PBXBuildFile; fileRef = 247CC4CE2893520000949195 /* NetworkDataStorage.swift */; };
/* End PBXBuildFile section */

/* Begin PBXContainerItemProxy section */
		247CC4C72893298400949195 /* PBXContainerItemProxy */ = {
			isa = PBXContainerItemProxy;
			containerPortal = 245519722892535100039347 /* Project object */;
			proxyType = 1;
			remoteGlobalIDString = 245519792892535100039347;
			remoteInfo = CartonTodo;
		};
/* End PBXContainerItemProxy section */

/* Begin PBXFileReference section */
		2455197A2892535100039347 /* CartonTodo.app */ = {isa = PBXFileReference; explicitFileType = wrapper.application; includeInIndex = 0; path = CartonTodo.app; sourceTree = BUILT_PRODUCTS_DIR; };
		2455197D2892535100039347 /* AppDelegate.swift */ = {isa = PBXFileReference; lastKnownFileType = sourcecode.swift; path = AppDelegate.swift; sourceTree = "<group>"; };
		2455197F2892535100039347 /* SceneDelegate.swift */ = {isa = PBXFileReference; lastKnownFileType = sourcecode.swift; path = SceneDelegate.swift; sourceTree = "<group>"; };
		245519812892535100039347 /* LogInController.swift */ = {isa = PBXFileReference; lastKnownFileType = sourcecode.swift; path = LogInController.swift; sourceTree = "<group>"; };
		245519842892535100039347 /* Base */ = {isa = PBXFileReference; lastKnownFileType = file.storyboard; name = Base; path = Base.lproj/Main.storyboard; sourceTree = "<group>"; };
		245519862892535200039347 /* Assets.xcassets */ = {isa = PBXFileReference; lastKnownFileType = folder.assetcatalog; path = Assets.xcassets; sourceTree = "<group>"; };
		245519892892535200039347 /* Base */ = {isa = PBXFileReference; lastKnownFileType = file.storyboard; name = Base; path = Base.lproj/LaunchScreen.storyboard; sourceTree = "<group>"; };
		2455198B2892535200039347 /* Info.plist */ = {isa = PBXFileReference; lastKnownFileType = text.plist.xml; path = Info.plist; sourceTree = "<group>"; };
		245519952892635B00039347 /* UIViewController.swift */ = {isa = PBXFileReference; lastKnownFileType = sourcecode.swift; path = UIViewController.swift; sourceTree = "<group>"; };
		245519972892638300039347 /* UIButton.swift */ = {isa = PBXFileReference; lastKnownFileType = sourcecode.swift; path = UIButton.swift; sourceTree = "<group>"; };
		24551999289266A400039347 /* UIColor.swift */ = {isa = PBXFileReference; lastKnownFileType = sourcecode.swift; path = UIColor.swift; sourceTree = "<group>"; };
		2455199D289268F700039347 /* TodoListViewController.swift */ = {isa = PBXFileReference; lastKnownFileType = sourcecode.swift; path = TodoListViewController.swift; sourceTree = "<group>"; };
		2455199F2892694B00039347 /* TodoListViewController.storyboard */ = {isa = PBXFileReference; lastKnownFileType = file.storyboard; path = TodoListViewController.storyboard; sourceTree = "<group>"; };
		245519A128926A1300039347 /* TodoModel.swift */ = {isa = PBXFileReference; lastKnownFileType = sourcecode.swift; path = TodoModel.swift; sourceTree = "<group>"; };
		245519A628926A4400039347 /* TodoListViewModel.swift */ = {isa = PBXFileReference; lastKnownFileType = sourcecode.swift; path = TodoListViewModel.swift; sourceTree = "<group>"; };
		245519AA28926DE900039347 /* TodoListCell.swift */ = {isa = PBXFileReference; lastKnownFileType = sourcecode.swift; path = TodoListCell.swift; sourceTree = "<group>"; };
		245519AC2892A37300039347 /* LogInManager.swift */ = {isa = PBXFileReference; lastKnownFileType = sourcecode.swift; path = LogInManager.swift; sourceTree = "<group>"; };
		247CC4AA2892C49D00949195 /* TodoProgressView.swift */ = {isa = PBXFileReference; lastKnownFileType = sourcecode.swift; path = TodoProgressView.swift; sourceTree = "<group>"; };
		247CC4AC2892C4DA00949195 /* TodoProgressView.xib */ = {isa = PBXFileReference; lastKnownFileType = file.xib; path = TodoProgressView.xib; sourceTree = "<group>"; };
		247CC4AE2892CA1100949195 /* TodoListCellViewModel.swift */ = {isa = PBXFileReference; lastKnownFileType = sourcecode.swift; path = TodoListCellViewModel.swift; sourceTree = "<group>"; };
		247CC4B02892CA4400949195 /* ProgressViewModel.swift */ = {isa = PBXFileReference; lastKnownFileType = sourcecode.swift; path = ProgressViewModel.swift; sourceTree = "<group>"; };
		247CC4B62892DA2100949195 /* StorageService.swift */ = {isa = PBXFileReference; lastKnownFileType = sourcecode.swift; path = StorageService.swift; sourceTree = "<group>"; };
		247CC4BB289321A000949195 /* ExampleDataStorage.swift */ = {isa = PBXFileReference; lastKnownFileType = sourcecode.swift; path = ExampleDataStorage.swift; sourceTree = "<group>"; };
		247CC4BD2893255F00949195 /* FileManager.swift */ = {isa = PBXFileReference; lastKnownFileType = sourcecode.swift; path = FileManager.swift; sourceTree = "<group>"; };
		247CC4C32893298400949195 /* CartonTodoTests.xctest */ = {isa = PBXFileReference; explicitFileType = wrapper.cfbundle; includeInIndex = 0; path = CartonTodoTests.xctest; sourceTree = BUILT_PRODUCTS_DIR; };
		247CC4C52893298400949195 /* CartonTodoTests.swift */ = {isa = PBXFileReference; lastKnownFileType = sourcecode.swift; path = CartonTodoTests.swift; sourceTree = "<group>"; };
		247CC4CC289351C400949195 /* URLSession.swift */ = {isa = PBXFileReference; fileEncoding = 4; lastKnownFileType = sourcecode.swift; path = URLSession.swift; sourceTree = "<group>"; };
		247CC4CE2893520000949195 /* NetworkDataStorage.swift */ = {isa = PBXFileReference; lastKnownFileType = sourcecode.swift; path = NetworkDataStorage.swift; sourceTree = "<group>"; };
		42AC9943942B5F16869BBF3B /* Pods-CartonTodo.release.xcconfig */ = {isa = PBXFileReference; includeInIndex = 1; lastKnownFileType = text.xcconfig; name = "Pods-CartonTodo.release.xcconfig"; path = "Target Support Files/Pods-CartonTodo/Pods-CartonTodo.release.xcconfig"; sourceTree = "<group>"; };
		A585C89458EF6D3A1DCC61E9 /* Pods-CartonTodo.debug.xcconfig */ = {isa = PBXFileReference; includeInIndex = 1; lastKnownFileType = text.xcconfig; name = "Pods-CartonTodo.debug.xcconfig"; path = "Target Support Files/Pods-CartonTodo/Pods-CartonTodo.debug.xcconfig"; sourceTree = "<group>"; };
		DADDA13DBC2E29F6D70CC2DF /* Pods_CartonTodo.framework */ = {isa = PBXFileReference; explicitFileType = wrapper.framework; includeInIndex = 0; path = Pods_CartonTodo.framework; sourceTree = BUILT_PRODUCTS_DIR; };
/* End PBXFileReference section */

/* Begin PBXFrameworksBuildPhase section */
		245519772892535100039347 /* Frameworks */ = {
			isa = PBXFrameworksBuildPhase;
			buildActionMask = 2147483647;
			files = (
				08B763B48CD50C43F82E3EEC /* Pods_CartonTodo.framework in Frameworks */,
			);
			runOnlyForDeploymentPostprocessing = 0;
		};
		247CC4C02893298400949195 /* Frameworks */ = {
			isa = PBXFrameworksBuildPhase;
			buildActionMask = 2147483647;
			files = (
			);
			runOnlyForDeploymentPostprocessing = 0;
		};
/* End PBXFrameworksBuildPhase section */

/* Begin PBXGroup section */
		0EF023B33B957DC68087C7E2 /* Frameworks */ = {
			isa = PBXGroup;
			children = (
				DADDA13DBC2E29F6D70CC2DF /* Pods_CartonTodo.framework */,
			);
			name = Frameworks;
			sourceTree = "<group>";
		};
		2190DF896C29E1A1BF20757F /* Pods */ = {
			isa = PBXGroup;
			children = (
				A585C89458EF6D3A1DCC61E9 /* Pods-CartonTodo.debug.xcconfig */,
				42AC9943942B5F16869BBF3B /* Pods-CartonTodo.release.xcconfig */,
			);
			path = Pods;
			sourceTree = "<group>";
		};
		245519712892535100039347 = {
			isa = PBXGroup;
			children = (
				2455197C2892535100039347 /* CartonTodo */,
				247CC4C42893298400949195 /* CartonTodoTests */,
				2455197B2892535100039347 /* Products */,
				2190DF896C29E1A1BF20757F /* Pods */,
				0EF023B33B957DC68087C7E2 /* Frameworks */,
			);
			sourceTree = "<group>";
		};
		2455197B2892535100039347 /* Products */ = {
			isa = PBXGroup;
			children = (
				2455197A2892535100039347 /* CartonTodo.app */,
				247CC4C32893298400949195 /* CartonTodoTests.xctest */,
			);
			name = Products;
			sourceTree = "<group>";
		};
		2455197C2892535100039347 /* CartonTodo */ = {
			isa = PBXGroup;
			children = (
				245519942892634700039347 /* Extensions */,
				247CC4B82892DAA400949195 /* Services */,
				247CC4B52892DA0000949195 /* Protocol */,
				24551991289260D400039347 /* Delegates */,
				24551993289260F400039347 /* Storyboards */,
				2455199B289268BC00039347 /* ViewControllers */,
				245519862892535200039347 /* Assets.xcassets */,
				2455198B2892535200039347 /* Info.plist */,
			);
			path = CartonTodo;
			sourceTree = "<group>";
		};
		24551991289260D400039347 /* Delegates */ = {
			isa = PBXGroup;
			children = (
				2455197D2892535100039347 /* AppDelegate.swift */,
				2455197F2892535100039347 /* SceneDelegate.swift */,
			);
			path = Delegates;
			sourceTree = "<group>";
		};
		24551992289260E600039347 /* LogInController */ = {
			isa = PBXGroup;
			children = (
				245519812892535100039347 /* LogInController.swift */,
			);
			path = LogInController;
			sourceTree = "<group>";
		};
		24551993289260F400039347 /* Storyboards */ = {
			isa = PBXGroup;
			children = (
				245519832892535100039347 /* Main.storyboard */,
				245519882892535200039347 /* LaunchScreen.storyboard */,
			);
			path = Storyboards;
			sourceTree = "<group>";
		};
		245519942892634700039347 /* Extensions */ = {
			isa = PBXGroup;
			children = (
				247CC4CC289351C400949195 /* URLSession.swift */,
				245519952892635B00039347 /* UIViewController.swift */,
				245519972892638300039347 /* UIButton.swift */,
				24551999289266A400039347 /* UIColor.swift */,
				247CC4BD2893255F00949195 /* FileManager.swift */,
			);
			path = Extensions;
			sourceTree = "<group>";
		};
		2455199B289268BC00039347 /* ViewControllers */ = {
			isa = PBXGroup;
			children = (
				24551992289260E600039347 /* LogInController */,
				2455199C289268CA00039347 /* TodoListViewController */,
			);
			path = ViewControllers;
			sourceTree = "<group>";
		};
		2455199C289268CA00039347 /* TodoListViewController */ = {
			isa = PBXGroup;
			children = (
				245519A428926A2400039347 /* ViewModels */,
				245519A328926A1700039347 /* Models */,
				2455199D289268F700039347 /* TodoListViewController.swift */,
				245519AA28926DE900039347 /* TodoListCell.swift */,
				247CC4AA2892C49D00949195 /* TodoProgressView.swift */,
				247CC4AC2892C4DA00949195 /* TodoProgressView.xib */,
				2455199F2892694B00039347 /* TodoListViewController.storyboard */,
			);
			path = TodoListViewController;
			sourceTree = "<group>";
		};
		245519A328926A1700039347 /* Models */ = {
			isa = PBXGroup;
			children = (
				245519A128926A1300039347 /* TodoModel.swift */,
			);
			path = Models;
			sourceTree = "<group>";
		};
		245519A428926A2400039347 /* ViewModels */ = {
			isa = PBXGroup;
			children = (
				245519A628926A4400039347 /* TodoListViewModel.swift */,
				247CC4AE2892CA1100949195 /* TodoListCellViewModel.swift */,
				247CC4B02892CA4400949195 /* ProgressViewModel.swift */,
			);
			path = ViewModels;
			sourceTree = "<group>";
		};
		247CC4B52892DA0000949195 /* Protocol */ = {
			isa = PBXGroup;
			children = (
				247CC4B62892DA2100949195 /* StorageService.swift */,
			);
			path = Protocol;
			sourceTree = "<group>";
		};
		247CC4B82892DAA400949195 /* Services */ = {
			isa = PBXGroup;
			children = (
				245519AC2892A37300039347 /* LogInManager.swift */,
				247CC4BB289321A000949195 /* ExampleDataStorage.swift */,
				247CC4CE2893520000949195 /* NetworkDataStorage.swift */,
			);
			path = Services;
			sourceTree = "<group>";
		};
		247CC4C42893298400949195 /* CartonTodoTests */ = {
			isa = PBXGroup;
			children = (
				247CC4C52893298400949195 /* CartonTodoTests.swift */,
			);
			path = CartonTodoTests;
			sourceTree = "<group>";
		};
/* End PBXGroup section */

/* Begin PBXNativeTarget section */
		245519792892535100039347 /* CartonTodo */ = {
			isa = PBXNativeTarget;
			buildConfigurationList = 2455198E2892535200039347 /* Build configuration list for PBXNativeTarget "CartonTodo" */;
			buildPhases = (
				8816F37EAF316CA1813DB490 /* [CP] Check Pods Manifest.lock */,
				245519762892535100039347 /* Sources */,
				245519772892535100039347 /* Frameworks */,
				245519782892535100039347 /* Resources */,
				0E9557EBB29ABEC0D4B48465 /* [CP] Embed Pods Frameworks */,
			);
			buildRules = (
			);
			dependencies = (
			);
			name = CartonTodo;
			productName = CartonTodo;
			productReference = 2455197A2892535100039347 /* CartonTodo.app */;
			productType = "com.apple.product-type.application";
		};
		247CC4C22893298400949195 /* CartonTodoTests */ = {
			isa = PBXNativeTarget;
			buildConfigurationList = 247CC4C92893298400949195 /* Build configuration list for PBXNativeTarget "CartonTodoTests" */;
			buildPhases = (
				247CC4BF2893298400949195 /* Sources */,
				247CC4C02893298400949195 /* Frameworks */,
				247CC4C12893298400949195 /* Resources */,
			);
			buildRules = (
			);
			dependencies = (
				247CC4C82893298400949195 /* PBXTargetDependency */,
			);
			name = CartonTodoTests;
			productName = CartonTodoTests;
			productReference = 247CC4C32893298400949195 /* CartonTodoTests.xctest */;
			productType = "com.apple.product-type.bundle.unit-test";
		};
/* End PBXNativeTarget section */

/* Begin PBXProject section */
		245519722892535100039347 /* Project object */ = {
			isa = PBXProject;
			attributes = {
				BuildIndependentTargetsInParallel = 1;
				LastSwiftUpdateCheck = 1340;
				LastUpgradeCheck = 1340;
				TargetAttributes = {
					245519792892535100039347 = {
						CreatedOnToolsVersion = 13.4.1;
					};
					247CC4C22893298400949195 = {
						CreatedOnToolsVersion = 13.4.1;
						TestTargetID = 245519792892535100039347;
					};
				};
			};
			buildConfigurationList = 245519752892535100039347 /* Build configuration list for PBXProject "CartonTodo" */;
			compatibilityVersion = "Xcode 13.0";
			developmentRegion = en;
			hasScannedForEncodings = 0;
			knownRegions = (
				en,
				Base,
			);
			mainGroup = 245519712892535100039347;
			productRefGroup = 2455197B2892535100039347 /* Products */;
			projectDirPath = "";
			projectRoot = "";
			targets = (
				245519792892535100039347 /* CartonTodo */,
				247CC4C22893298400949195 /* CartonTodoTests */,
			);
		};
/* End PBXProject section */

/* Begin PBXResourcesBuildPhase section */
		245519782892535100039347 /* Resources */ = {
			isa = PBXResourcesBuildPhase;
			buildActionMask = 2147483647;
			files = (
				247CC4AD2892C4DA00949195 /* TodoProgressView.xib in Resources */,
				2455198A2892535200039347 /* LaunchScreen.storyboard in Resources */,
				245519872892535200039347 /* Assets.xcassets in Resources */,
				245519852892535100039347 /* Main.storyboard in Resources */,
				245519A02892694B00039347 /* TodoListViewController.storyboard in Resources */,
			);
			runOnlyForDeploymentPostprocessing = 0;
		};
		247CC4C12893298400949195 /* Resources */ = {
			isa = PBXResourcesBuildPhase;
			buildActionMask = 2147483647;
			files = (
			);
			runOnlyForDeploymentPostprocessing = 0;
		};
/* End PBXResourcesBuildPhase section */

/* Begin PBXShellScriptBuildPhase section */
		0E9557EBB29ABEC0D4B48465 /* [CP] Embed Pods Frameworks */ = {
			isa = PBXShellScriptBuildPhase;
			buildActionMask = 2147483647;
			files = (
			);
			inputFileListPaths = (
				"${PODS_ROOT}/Target Support Files/Pods-CartonTodo/Pods-CartonTodo-frameworks-${CONFIGURATION}-input-files.xcfilelist",
			);
			name = "[CP] Embed Pods Frameworks";
			outputFileListPaths = (
				"${PODS_ROOT}/Target Support Files/Pods-CartonTodo/Pods-CartonTodo-frameworks-${CONFIGURATION}-output-files.xcfilelist",
			);
			runOnlyForDeploymentPostprocessing = 0;
			shellPath = /bin/sh;
			shellScript = "\"${PODS_ROOT}/Target Support Files/Pods-CartonTodo/Pods-CartonTodo-frameworks.sh\"\n";
			showEnvVarsInLog = 0;
		};
		8816F37EAF316CA1813DB490 /* [CP] Check Pods Manifest.lock */ = {
			isa = PBXShellScriptBuildPhase;
			buildActionMask = 2147483647;
			files = (
			);
			inputFileListPaths = (
			);
			inputPaths = (
				"${PODS_PODFILE_DIR_PATH}/Podfile.lock",
				"${PODS_ROOT}/Manifest.lock",
			);
			name = "[CP] Check Pods Manifest.lock";
			outputFileListPaths = (
			);
			outputPaths = (
				"$(DERIVED_FILE_DIR)/Pods-CartonTodo-checkManifestLockResult.txt",
			);
			runOnlyForDeploymentPostprocessing = 0;
			shellPath = /bin/sh;
			shellScript = "diff \"${PODS_PODFILE_DIR_PATH}/Podfile.lock\" \"${PODS_ROOT}/Manifest.lock\" > /dev/null\nif [ $? != 0 ] ; then\n    # print error to STDERR\n    echo \"error: The sandbox is not in sync with the Podfile.lock. Run 'pod install' or update your CocoaPods installation.\" >&2\n    exit 1\nfi\n# This output is used by Xcode 'outputs' to avoid re-running this script phase.\necho \"SUCCESS\" > \"${SCRIPT_OUTPUT_FILE_0}\"\n";
			showEnvVarsInLog = 0;
		};
/* End PBXShellScriptBuildPhase section */

/* Begin PBXSourcesBuildPhase section */
		245519762892535100039347 /* Sources */ = {
			isa = PBXSourcesBuildPhase;
			buildActionMask = 2147483647;
			files = (
				247CC4AB2892C49D00949195 /* TodoProgressView.swift in Sources */,
				247CC4BC289321A000949195 /* ExampleDataStorage.swift in Sources */,
				245519A728926A4400039347 /* TodoListViewModel.swift in Sources */,
				247CC4AF2892CA1100949195 /* TodoListCellViewModel.swift in Sources */,
				247CC4B12892CA4400949195 /* ProgressViewModel.swift in Sources */,
				245519982892638300039347 /* UIButton.swift in Sources */,
				247CC4B72892DA2100949195 /* StorageService.swift in Sources */,
				245519A228926A1300039347 /* TodoModel.swift in Sources */,
				247CC4BE2893255F00949195 /* FileManager.swift in Sources */,
				2455199E289268F700039347 /* TodoListViewController.swift in Sources */,
				245519AB28926DE900039347 /* TodoListCell.swift in Sources */,
				245519AD2892A37300039347 /* LogInManager.swift in Sources */,
				2455199A289266A400039347 /* UIColor.swift in Sources */,
				247CC4CF2893520000949195 /* NetworkDataStorage.swift in Sources */,
				245519822892535100039347 /* LogInController.swift in Sources */,
				247CC4CD289351C400949195 /* URLSession.swift in Sources */,
				2455197E2892535100039347 /* AppDelegate.swift in Sources */,
				245519962892635B00039347 /* UIViewController.swift in Sources */,
				245519802892535100039347 /* SceneDelegate.swift in Sources */,
			);
			runOnlyForDeploymentPostprocessing = 0;
		};
		247CC4BF2893298400949195 /* Sources */ = {
			isa = PBXSourcesBuildPhase;
			buildActionMask = 2147483647;
			files = (
				247CC4C62893298400949195 /* CartonTodoTests.swift in Sources */,
			);
			runOnlyForDeploymentPostprocessing = 0;
		};
/* End PBXSourcesBuildPhase section */

/* Begin PBXTargetDependency section */
		247CC4C82893298400949195 /* PBXTargetDependency */ = {
			isa = PBXTargetDependency;
			target = 245519792892535100039347 /* CartonTodo */;
			targetProxy = 247CC4C72893298400949195 /* PBXContainerItemProxy */;
		};
/* End PBXTargetDependency section */

/* Begin PBXVariantGroup section */
		245519832892535100039347 /* Main.storyboard */ = {
			isa = PBXVariantGroup;
			children = (
				245519842892535100039347 /* Base */,
			);
			name = Main.storyboard;
			sourceTree = "<group>";
		};
		245519882892535200039347 /* LaunchScreen.storyboard */ = {
			isa = PBXVariantGroup;
			children = (
				245519892892535200039347 /* Base */,
			);
			name = LaunchScreen.storyboard;
			sourceTree = "<group>";
		};
/* End PBXVariantGroup section */

/* Begin XCBuildConfiguration section */
		2455198C2892535200039347 /* Debug */ = {
			isa = XCBuildConfiguration;
			buildSettings = {
				ALWAYS_SEARCH_USER_PATHS = NO;
				CLANG_ANALYZER_NONNULL = YES;
				CLANG_ANALYZER_NUMBER_OBJECT_CONVERSION = YES_AGGRESSIVE;
				CLANG_CXX_LANGUAGE_STANDARD = "gnu++17";
				CLANG_ENABLE_MODULES = YES;
				CLANG_ENABLE_OBJC_ARC = YES;
				CLANG_ENABLE_OBJC_WEAK = YES;
				CLANG_WARN_BLOCK_CAPTURE_AUTORELEASING = YES;
				CLANG_WARN_BOOL_CONVERSION = YES;
				CLANG_WARN_COMMA = YES;
				CLANG_WARN_CONSTANT_CONVERSION = YES;
				CLANG_WARN_DEPRECATED_OBJC_IMPLEMENTATIONS = YES;
				CLANG_WARN_DIRECT_OBJC_ISA_USAGE = YES_ERROR;
				CLANG_WARN_DOCUMENTATION_COMMENTS = YES;
				CLANG_WARN_EMPTY_BODY = YES;
				CLANG_WARN_ENUM_CONVERSION = YES;
				CLANG_WARN_INFINITE_RECURSION = YES;
				CLANG_WARN_INT_CONVERSION = YES;
				CLANG_WARN_NON_LITERAL_NULL_CONVERSION = YES;
				CLANG_WARN_OBJC_IMPLICIT_RETAIN_SELF = YES;
				CLANG_WARN_OBJC_LITERAL_CONVERSION = YES;
				CLANG_WARN_OBJC_ROOT_CLASS = YES_ERROR;
				CLANG_WARN_QUOTED_INCLUDE_IN_FRAMEWORK_HEADER = YES;
				CLANG_WARN_RANGE_LOOP_ANALYSIS = YES;
				CLANG_WARN_STRICT_PROTOTYPES = YES;
				CLANG_WARN_SUSPICIOUS_MOVE = YES;
				CLANG_WARN_UNGUARDED_AVAILABILITY = YES_AGGRESSIVE;
				CLANG_WARN_UNREACHABLE_CODE = YES;
				CLANG_WARN__DUPLICATE_METHOD_MATCH = YES;
				COPY_PHASE_STRIP = NO;
				DEBUG_INFORMATION_FORMAT = dwarf;
				ENABLE_STRICT_OBJC_MSGSEND = YES;
				ENABLE_TESTABILITY = YES;
				GCC_C_LANGUAGE_STANDARD = gnu11;
				GCC_DYNAMIC_NO_PIC = NO;
				GCC_NO_COMMON_BLOCKS = YES;
				GCC_OPTIMIZATION_LEVEL = 0;
				GCC_PREPROCESSOR_DEFINITIONS = (
					"DEBUG=1",
					"$(inherited)",
				);
				GCC_WARN_64_TO_32_BIT_CONVERSION = YES;
				GCC_WARN_ABOUT_RETURN_TYPE = YES_ERROR;
				GCC_WARN_UNDECLARED_SELECTOR = YES;
				GCC_WARN_UNINITIALIZED_AUTOS = YES_AGGRESSIVE;
				GCC_WARN_UNUSED_FUNCTION = YES;
				GCC_WARN_UNUSED_VARIABLE = YES;
				IPHONEOS_DEPLOYMENT_TARGET = 13.0;
				MTL_ENABLE_DEBUG_INFO = INCLUDE_SOURCE;
				MTL_FAST_MATH = YES;
				ONLY_ACTIVE_ARCH = YES;
				SDKROOT = iphoneos;
				SWIFT_ACTIVE_COMPILATION_CONDITIONS = DEBUG;
				SWIFT_OPTIMIZATION_LEVEL = "-Onone";
			};
			name = Debug;
		};
		2455198D2892535200039347 /* Release */ = {
			isa = XCBuildConfiguration;
			buildSettings = {
				ALWAYS_SEARCH_USER_PATHS = NO;
				CLANG_ANALYZER_NONNULL = YES;
				CLANG_ANALYZER_NUMBER_OBJECT_CONVERSION = YES_AGGRESSIVE;
				CLANG_CXX_LANGUAGE_STANDARD = "gnu++17";
				CLANG_ENABLE_MODULES = YES;
				CLANG_ENABLE_OBJC_ARC = YES;
				CLANG_ENABLE_OBJC_WEAK = YES;
				CLANG_WARN_BLOCK_CAPTURE_AUTORELEASING = YES;
				CLANG_WARN_BOOL_CONVERSION = YES;
				CLANG_WARN_COMMA = YES;
				CLANG_WARN_CONSTANT_CONVERSION = YES;
				CLANG_WARN_DEPRECATED_OBJC_IMPLEMENTATIONS = YES;
				CLANG_WARN_DIRECT_OBJC_ISA_USAGE = YES_ERROR;
				CLANG_WARN_DOCUMENTATION_COMMENTS = YES;
				CLANG_WARN_EMPTY_BODY = YES;
				CLANG_WARN_ENUM_CONVERSION = YES;
				CLANG_WARN_INFINITE_RECURSION = YES;
				CLANG_WARN_INT_CONVERSION = YES;
				CLANG_WARN_NON_LITERAL_NULL_CONVERSION = YES;
				CLANG_WARN_OBJC_IMPLICIT_RETAIN_SELF = YES;
				CLANG_WARN_OBJC_LITERAL_CONVERSION = YES;
				CLANG_WARN_OBJC_ROOT_CLASS = YES_ERROR;
				CLANG_WARN_QUOTED_INCLUDE_IN_FRAMEWORK_HEADER = YES;
				CLANG_WARN_RANGE_LOOP_ANALYSIS = YES;
				CLANG_WARN_STRICT_PROTOTYPES = YES;
				CLANG_WARN_SUSPICIOUS_MOVE = YES;
				CLANG_WARN_UNGUARDED_AVAILABILITY = YES_AGGRESSIVE;
				CLANG_WARN_UNREACHABLE_CODE = YES;
				CLANG_WARN__DUPLICATE_METHOD_MATCH = YES;
				COPY_PHASE_STRIP = NO;
				DEBUG_INFORMATION_FORMAT = "dwarf-with-dsym";
				ENABLE_NS_ASSERTIONS = NO;
				ENABLE_STRICT_OBJC_MSGSEND = YES;
				GCC_C_LANGUAGE_STANDARD = gnu11;
				GCC_NO_COMMON_BLOCKS = YES;
				GCC_WARN_64_TO_32_BIT_CONVERSION = YES;
				GCC_WARN_ABOUT_RETURN_TYPE = YES_ERROR;
				GCC_WARN_UNDECLARED_SELECTOR = YES;
				GCC_WARN_UNINITIALIZED_AUTOS = YES_AGGRESSIVE;
				GCC_WARN_UNUSED_FUNCTION = YES;
				GCC_WARN_UNUSED_VARIABLE = YES;
				IPHONEOS_DEPLOYMENT_TARGET = 13.0;
				MTL_ENABLE_DEBUG_INFO = NO;
				MTL_FAST_MATH = YES;
				SDKROOT = iphoneos;
				SWIFT_COMPILATION_MODE = wholemodule;
				SWIFT_OPTIMIZATION_LEVEL = "-O";
				VALIDATE_PRODUCT = YES;
			};
			name = Release;
		};
		2455198F2892535200039347 /* Debug */ = {
			isa = XCBuildConfiguration;
			baseConfigurationReference = A585C89458EF6D3A1DCC61E9 /* Pods-CartonTodo.debug.xcconfig */;
			buildSettings = {
				ASSETCATALOG_COMPILER_APPICON_NAME = AppIcon;
				ASSETCATALOG_COMPILER_GLOBAL_ACCENT_COLOR_NAME = AccentColor;
				CODE_SIGN_STYLE = Automatic;
				CURRENT_PROJECT_VERSION = 1;
				DEVELOPMENT_TEAM = H5JLF2457C;
				GENERATE_INFOPLIST_FILE = YES;
				INFOPLIST_FILE = CartonTodo/Info.plist;
				INFOPLIST_KEY_UIApplicationSupportsIndirectInputEvents = YES;
				INFOPLIST_KEY_UILaunchStoryboardName = LaunchScreen;
				INFOPLIST_KEY_UIMainStoryboardFile = Main;
				INFOPLIST_KEY_UISupportedInterfaceOrientations_iPad = "UIInterfaceOrientationPortrait UIInterfaceOrientationPortraitUpsideDown UIInterfaceOrientationLandscapeLeft UIInterfaceOrientationLandscapeRight";
				INFOPLIST_KEY_UISupportedInterfaceOrientations_iPhone = "UIInterfaceOrientationPortrait UIInterfaceOrientationLandscapeLeft UIInterfaceOrientationLandscapeRight";
				LD_RUNPATH_SEARCH_PATHS = (
					"$(inherited)",
					"@executable_path/Frameworks",
				);
				MARKETING_VERSION = 1.0;
				PRODUCT_BUNDLE_IDENTIFIER = com.glencoemobile.CartonTodo;
				PRODUCT_NAME = "$(TARGET_NAME)";
				SWIFT_EMIT_LOC_STRINGS = YES;
				SWIFT_VERSION = 5.0;
				TARGETED_DEVICE_FAMILY = "1,2";
			};
			name = Debug;
		};
		245519902892535200039347 /* Release */ = {
			isa = XCBuildConfiguration;
			baseConfigurationReference = 42AC9943942B5F16869BBF3B /* Pods-CartonTodo.release.xcconfig */;
			buildSettings = {
				ASSETCATALOG_COMPILER_APPICON_NAME = AppIcon;
				ASSETCATALOG_COMPILER_GLOBAL_ACCENT_COLOR_NAME = AccentColor;
				CODE_SIGN_STYLE = Automatic;
				CURRENT_PROJECT_VERSION = 1;
				DEVELOPMENT_TEAM = H5JLF2457C;
				GENERATE_INFOPLIST_FILE = YES;
				INFOPLIST_FILE = CartonTodo/Info.plist;
				INFOPLIST_KEY_UIApplicationSupportsIndirectInputEvents = YES;
				INFOPLIST_KEY_UILaunchStoryboardName = LaunchScreen;
				INFOPLIST_KEY_UIMainStoryboardFile = Main;
				INFOPLIST_KEY_UISupportedInterfaceOrientations_iPad = "UIInterfaceOrientationPortrait UIInterfaceOrientationPortraitUpsideDown UIInterfaceOrientationLandscapeLeft UIInterfaceOrientationLandscapeRight";
				INFOPLIST_KEY_UISupportedInterfaceOrientations_iPhone = "UIInterfaceOrientationPortrait UIInterfaceOrientationLandscapeLeft UIInterfaceOrientationLandscapeRight";
				LD_RUNPATH_SEARCH_PATHS = (
					"$(inherited)",
					"@executable_path/Frameworks",
				);
				MARKETING_VERSION = 1.0;
				PRODUCT_BUNDLE_IDENTIFIER = com.glencoemobile.CartonTodo;
				PRODUCT_NAME = "$(TARGET_NAME)";
				SWIFT_EMIT_LOC_STRINGS = YES;
				SWIFT_VERSION = 5.0;
				TARGETED_DEVICE_FAMILY = "1,2";
			};
			name = Release;
		};
		247CC4CA2893298400949195 /* Debug */ = {
			isa = XCBuildConfiguration;
			buildSettings = {
				BUNDLE_LOADER = "$(TEST_HOST)";
				CODE_SIGN_STYLE = Automatic;
				CURRENT_PROJECT_VERSION = 1;
				DEVELOPMENT_TEAM = H5JLF2457C;
				GENERATE_INFOPLIST_FILE = YES;
				IPHONEOS_DEPLOYMENT_TARGET = 15.5;
				MARKETING_VERSION = 1.0;
				PRODUCT_BUNDLE_IDENTIFIER = com.glencoemobile.CartonTodoTests;
				PRODUCT_NAME = "$(TARGET_NAME)";
				SWIFT_EMIT_LOC_STRINGS = NO;
				SWIFT_VERSION = 5.0;
				TARGETED_DEVICE_FAMILY = "1,2";
				TEST_HOST = "$(BUILT_PRODUCTS_DIR)/CartonTodo.app/CartonTodo";
			};
			name = Debug;
		};
		247CC4CB2893298400949195 /* Release */ = {
			isa = XCBuildConfiguration;
			buildSettings = {
				BUNDLE_LOADER = "$(TEST_HOST)";
				CODE_SIGN_STYLE = Automatic;
				CURRENT_PROJECT_VERSION = 1;
				DEVELOPMENT_TEAM = H5JLF2457C;
				GENERATE_INFOPLIST_FILE = YES;
				IPHONEOS_DEPLOYMENT_TARGET = 15.5;
				MARKETING_VERSION = 1.0;
				PRODUCT_BUNDLE_IDENTIFIER = com.glencoemobile.CartonTodoTests;
				PRODUCT_NAME = "$(TARGET_NAME)";
				SWIFT_EMIT_LOC_STRINGS = NO;
				SWIFT_VERSION = 5.0;
				TARGETED_DEVICE_FAMILY = "1,2";
				TEST_HOST = "$(BUILT_PRODUCTS_DIR)/CartonTodo.app/CartonTodo";
			};
			name = Release;
		};
/* End XCBuildConfiguration section */

/* Begin XCConfigurationList section */
		245519752892535100039347 /* Build configuration list for PBXProject "CartonTodo" */ = {
			isa = XCConfigurationList;
			buildConfigurations = (
				2455198C2892535200039347 /* Debug */,
				2455198D2892535200039347 /* Release */,
			);
			defaultConfigurationIsVisible = 0;
			defaultConfigurationName = Release;
		};
		2455198E2892535200039347 /* Build configuration list for PBXNativeTarget "CartonTodo" */ = {
			isa = XCConfigurationList;
			buildConfigurations = (
				2455198F2892535200039347 /* Debug */,
				245519902892535200039347 /* Release */,
			);
			defaultConfigurationIsVisible = 0;
			defaultConfigurationName = Release;
		};
		247CC4C92893298400949195 /* Build configuration list for PBXNativeTarget "CartonTodoTests" */ = {
			isa = XCConfigurationList;
			buildConfigurations = (
				247CC4CA2893298400949195 /* Debug */,
				247CC4CB2893298400949195 /* Release */,
			);
			defaultConfigurationIsVisible = 0;
			defaultConfigurationName = Release;
		};
/* End XCConfigurationList section */
	};
	rootObject = 245519722892535100039347 /* Project object */;
}
